
Microsoft Visual Studio Solution File, Format Version 12.00
# Visual Studio 14
VisualStudioVersion = 14.0.25420.1
MinimumVisualStudioVersion = 10.0.40219.1
Project("{FAE04EC0-301F-11D3-BF4B-00C04F79EFBC}") = "TaskManager.APITests", "TaskManager.APITests\TaskManager.APITests.csproj", "{C29068EE-1FF7-4433-A8CE-9D8F6BF4EC6B}"
EndProject
Project("{FAE04EC0-301F-11D3-BF4B-00C04F79EFBC}") = "TaskManager.API", "TaskManager.API\TaskManager.API.csproj", "{AFDAE20C-1B01-417A-9D94-C6418F450002}"
EndProject
Project("{FAE04EC0-301F-11D3-BF4B-00C04F79EFBC}") = "TaskManager.WebSite", "TaskManager.WebSite\TaskManager.WebSite.csproj", "{6864165E-693D-4A16-B3C9-7A3D0B5196AA}"
EndProject
Project("{2150E333-8FDC-42A3-9474-1A3956D46DE8}") = "Solution Items", "Solution Items", "{4148BFAE-BD6C-425F-90F7-E5046C89DBBC}"
	ProjectSection(SolutionItems) = preProject
		WE-browsers.xml = WE-browsers.xml
	EndProjectSection
EndProject
Project("{00D1A9C2-B5F0-4AF3-8072-F6C62B433612}") = "TaskManager.Database", "TaskManager.Database\TaskManager.Database.sqlproj", "{9F703398-E441-456B-91F7-EC5A7172E50C}"
EndProject
Project("{FAE04EC0-301F-11D3-BF4B-00C04F79EFBC}") = "TaskManager.SqlRepositoriesTests", "TaskManager.SqlRepositoriesTests\TaskManager.SqlRepositoriesTests.csproj", "{AF29C210-2235-438F-9CF7-7FC268610C3A}"
EndProject
Project("{FAE04EC0-301F-11D3-BF4B-00C04F79EFBC}") = "TaskManager.DomainModel", "TaskManager.DomainModel\TaskManager.DomainModel.csproj", "{DA373751-9A88-4F17-94C7-BAC1FFFAFBA5}"
EndProject
Project("{FAE04EC0-301F-11D3-BF4B-00C04F79EFBC}") = "TaskManager.SqlRepositories", "TaskManager.SqlRepositories\TaskManager.SqlRepositories.csproj", "{7623E2AD-FA2C-4DFD-8781-AB1741088CB8}"
EndProject
Project("{2150E333-8FDC-42A3-9474-1A3956D46DE8}") = "API", "API", "{F9AB9B77-F487-4131-8550-CA3209C1A685}"
EndProject
Project("{2150E333-8FDC-42A3-9474-1A3956D46DE8}") = "Domain", "Domain", "{79F7E849-7E82-40C8-92DB-9556120EFEFB}"
EndProject
Project("{2150E333-8FDC-42A3-9474-1A3956D46DE8}") = "DAL", "DAL", "{89FB4AE2-E087-4A54-B275-BDDEFD7B2A6E}"
EndProject
Project("{2150E333-8FDC-42A3-9474-1A3956D46DE8}") = "Presentation", "Presentation", "{D005AA6C-F2A7-4B7D-9AC5-BD027326AF5C}"
EndProject
Project("{2150E333-8FDC-42A3-9474-1A3956D46DE8}") = "Data", "Data", "{5DB8F849-382F-4068-AADE-0D4051B2D51C}"
EndProject
Project("{FAE04EC0-301F-11D3-BF4B-00C04F79EFBC}") = "TaskManager.CreateScripts", "TaskManager.CreateScripts\TaskManager.CreateScripts.csproj", "{DB07EA2C-F6E8-49EE-BFDF-BD0B4168B262}"
EndProject
Global
	GlobalSection(SolutionConfigurationPlatforms) = preSolution
		Debug|Any CPU = Debug|Any CPU
		Release|Any CPU = Release|Any CPU
	EndGlobalSection
	GlobalSection(ProjectConfigurationPlatforms) = postSolution
		{C29068EE-1FF7-4433-A8CE-9D8F6BF4EC6B}.Debug|Any CPU.ActiveCfg = Debug|Any CPU
		{C29068EE-1FF7-4433-A8CE-9D8F6BF4EC6B}.Debug|Any CPU.Build.0 = Debug|Any CPU
		{C29068EE-1FF7-4433-A8CE-9D8F6BF4EC6B}.Release|Any CPU.ActiveCfg = Release|Any CPU
		{C29068EE-1FF7-4433-A8CE-9D8F6BF4EC6B}.Release|Any CPU.Build.0 = Release|Any CPU
		{AFDAE20C-1B01-417A-9D94-C6418F450002}.Debug|Any CPU.ActiveCfg = Debug|Any CPU
		{AFDAE20C-1B01-417A-9D94-C6418F450002}.Debug|Any CPU.Build.0 = Debug|Any CPU
		{AFDAE20C-1B01-417A-9D94-C6418F450002}.Release|Any CPU.ActiveCfg = Release|Any CPU
		{AFDAE20C-1B01-417A-9D94-C6418F450002}.Release|Any CPU.Build.0 = Release|Any CPU
		{6864165E-693D-4A16-B3C9-7A3D0B5196AA}.Debug|Any CPU.ActiveCfg = Debug|Any CPU
		{6864165E-693D-4A16-B3C9-7A3D0B5196AA}.Debug|Any CPU.Build.0 = Debug|Any CPU
		{6864165E-693D-4A16-B3C9-7A3D0B5196AA}.Release|Any CPU.ActiveCfg = Release|Any CPU
		{6864165E-693D-4A16-B3C9-7A3D0B5196AA}.Release|Any CPU.Build.0 = Release|Any CPU
		{9F703398-E441-456B-91F7-EC5A7172E50C}.Debug|Any CPU.ActiveCfg = Debug|Any CPU
		{9F703398-E441-456B-91F7-EC5A7172E50C}.Debug|Any CPU.Build.0 = Debug|Any CPU
		{9F703398-E441-456B-91F7-EC5A7172E50C}.Debug|Any CPU.Deploy.0 = Debug|Any CPU
		{9F703398-E441-456B-91F7-EC5A7172E50C}.Release|Any CPU.ActiveCfg = Release|Any CPU
		{9F703398-E441-456B-91F7-EC5A7172E50C}.Release|Any CPU.Build.0 = Release|Any CPU
		{9F703398-E441-456B-91F7-EC5A7172E50C}.Release|Any CPU.Deploy.0 = Release|Any CPU
		{AF29C210-2235-438F-9CF7-7FC268610C3A}.Debug|Any CPU.ActiveCfg = Debug|Any CPU
		{AF29C210-2235-438F-9CF7-7FC268610C3A}.Debug|Any CPU.Build.0 = Debug|Any CPU
		{AF29C210-2235-438F-9CF7-7FC268610C3A}.Release|Any CPU.ActiveCfg = Release|Any CPU
		{AF29C210-2235-438F-9CF7-7FC268610C3A}.Release|Any CPU.Build.0 = Release|Any CPU
		{DA373751-9A88-4F17-94C7-BAC1FFFAFBA5}.Debug|Any CPU.ActiveCfg = Debug|Any CPU
		{DA373751-9A88-4F17-94C7-BAC1FFFAFBA5}.Debug|Any CPU.Build.0 = Debug|Any CPU
		{DA373751-9A88-4F17-94C7-BAC1FFFAFBA5}.Release|Any CPU.ActiveCfg = Release|Any CPU
		{DA373751-9A88-4F17-94C7-BAC1FFFAFBA5}.Release|Any CPU.Build.0 = Release|Any CPU
		{7623E2AD-FA2C-4DFD-8781-AB1741088CB8}.Debug|Any CPU.ActiveCfg = Debug|Any CPU
		{7623E2AD-FA2C-4DFD-8781-AB1741088CB8}.Debug|Any CPU.Build.0 = Debug|Any CPU
		{7623E2AD-FA2C-4DFD-8781-AB1741088CB8}.Release|Any CPU.ActiveCfg = Release|Any CPU
		{7623E2AD-FA2C-4DFD-8781-AB1741088CB8}.Release|Any CPU.Build.0 = Release|Any CPU
		{DB07EA2C-F6E8-49EE-BFDF-BD0B4168B262}.Debug|Any CPU.ActiveCfg = Debug|Any CPU
		{DB07EA2C-F6E8-49EE-BFDF-BD0B4168B262}.Debug|Any CPU.Build.0 = Debug|Any CPU
		{DB07EA2C-F6E8-49EE-BFDF-BD0B4168B262}.Release|Any CPU.ActiveCfg = Release|Any CPU
		{DB07EA2C-F6E8-49EE-BFDF-BD0B4168B262}.Release|Any CPU.Build.0 = Release|Any CPU
	EndGlobalSection
	GlobalSection(SolutionProperties) = preSolution
		HideSolutionNode = FALSE
	EndGlobalSection
	GlobalSection(NestedProjects) = preSolution
		{C29068EE-1FF7-4433-A8CE-9D8F6BF4EC6B} = {F9AB9B77-F487-4131-8550-CA3209C1A685}
		{AFDAE20C-1B01-417A-9D94-C6418F450002} = {F9AB9B77-F487-4131-8550-CA3209C1A685}
		{6864165E-693D-4A16-B3C9-7A3D0B5196AA} = {D005AA6C-F2A7-4B7D-9AC5-BD027326AF5C}
		{9F703398-E441-456B-91F7-EC5A7172E50C} = {5DB8F849-382F-4068-AADE-0D4051B2D51C}
		{AF29C210-2235-438F-9CF7-7FC268610C3A} = {89FB4AE2-E087-4A54-B275-BDDEFD7B2A6E}
		{DA373751-9A88-4F17-94C7-BAC1FFFAFBA5} = {79F7E849-7E82-40C8-92DB-9556120EFEFB}
		{7623E2AD-FA2C-4DFD-8781-AB1741088CB8} = {89FB4AE2-E087-4A54-B275-BDDEFD7B2A6E}
		{DB07EA2C-F6E8-49EE-BFDF-BD0B4168B262} = {5DB8F849-382F-4068-AADE-0D4051B2D51C}
	EndGlobalSection
EndGlobal
